
Microsoft Visual Studio Solution File, Format Version 12.00
# Visual Studio Version 17
VisualStudioVersion = 17.5.33516.290
MinimumVisualStudioVersion = 10.0.40219.1
Project("{2150E333-8FDC-42A3-9474-1A3956D46DE8}") = "src", "src", "{8F4EA41C-902A-4AB5-B37E-EB06F87D2B20}"
EndProject
Project("{2150E333-8FDC-42A3-9474-1A3956D46DE8}") = "test", "test", "{8499B7C5-8A93-4CB6-B52C-4BB8C919B2EE}"
EndProject
Project("{2150E333-8FDC-42A3-9474-1A3956D46DE8}") = "API", "API", "{535EDFF2-AA54-439B-B31A-CF4230DC1BD8}"
EndProject
Project("{2150E333-8FDC-42A3-9474-1A3956D46DE8}") = "Core", "Core", "{55547535-CED0-4064-982D-42E05D2C8477}"
EndProject
Project("{2150E333-8FDC-42A3-9474-1A3956D46DE8}") = "Infrastructure", "Infrastructure", "{9562D6A1-FEFD-400C-ABB0-4B7BA78F95DD}"
EndProject
Project("{2150E333-8FDC-42A3-9474-1A3956D46DE8}") = "UI", "UI", "{B2F863C6-AF96-4641-A716-74183C11EAEA}"
EndProject
Project("{9A19103F-16F7-4668-BE54-9A1E7A4F7556}") = "HR.LeaveManagement.Application", "HR.LeaveManagement.Application\HR.LeaveManagement.Application.csproj", "{93E1D17F-BC89-461D-B69F-5915267EBB66}"
EndProject
Project("{9A19103F-16F7-4668-BE54-9A1E7A4F7556}") = "HR.LeaveManagement.Domain", "HR.LeaveManagement.Domain\HR.LeaveManagement.Domain.csproj", "{45BB6EFA-7F41-4353-8C08-813FD5FA2AB6}"
EndProject
Project("{9A19103F-16F7-4668-BE54-9A1E7A4F7556}") = "HR.LeaveManagement.Infrastructure", "HR.LeaveManagement.Infrastructure\HR.LeaveManagement.Infrastructure.csproj", "{89C089C4-B0C5-451D-B176-98F68C141366}"
EndProject
Project("{9A19103F-16F7-4668-BE54-9A1E7A4F7556}") = "HR.LeaveManagement.Persistence", "HR.LeaveManagement.Persistence\HR.LeaveManagement.Persistence.csproj", "{6B714108-4E1A-4B83-9C70-548509740967}"
EndProject
Project("{9A19103F-16F7-4668-BE54-9A1E7A4F7556}") = "HR.LeaveManagement.Api", "HR.LeaveManagement.Api\HR.LeaveManagement.Api.csproj", "{3EA768CF-95B5-4B55-B353-689D214A942E}"
EndProject
Project("{9A19103F-16F7-4668-BE54-9A1E7A4F7556}") = "HR.LeaveManagement.BlazorUI", "HR.LeaveManagement.BlazorUI\HR.LeaveManagement.BlazorUI.csproj", "{E64B4BBC-CB30-4B6E-A9FC-E8EC28AF965B}"
EndProject
Project("{9A19103F-16F7-4668-BE54-9A1E7A4F7556}") = "HR.LeaveManagement.Identity", "HR.LeaveManagement.Identity\HR.LeaveManagement.Identity.csproj", "{CC18E4C6-82B3-47A1-85C8-450B43AD6A59}"
EndProject
Global
	GlobalSection(SolutionConfigurationPlatforms) = preSolution
		Debug|Any CPU = Debug|Any CPU
		Release|Any CPU = Release|Any CPU
	EndGlobalSection
	GlobalSection(ProjectConfigurationPlatforms) = postSolution
		{93E1D17F-BC89-461D-B69F-5915267EBB66}.Debug|Any CPU.ActiveCfg = Debug|Any CPU
		{93E1D17F-BC89-461D-B69F-5915267EBB66}.Debug|Any CPU.Build.0 = Debug|Any CPU
		{93E1D17F-BC89-461D-B69F-5915267EBB66}.Release|Any CPU.ActiveCfg = Release|Any CPU
		{93E1D17F-BC89-461D-B69F-5915267EBB66}.Release|Any CPU.Build.0 = Release|Any CPU
		{45BB6EFA-7F41-4353-8C08-813FD5FA2AB6}.Debug|Any CPU.ActiveCfg = Debug|Any CPU
		{45BB6EFA-7F41-4353-8C08-813FD5FA2AB6}.Debug|Any CPU.Build.0 = Debug|Any CPU
		{45BB6EFA-7F41-4353-8C08-813FD5FA2AB6}.Release|Any CPU.ActiveCfg = Release|Any CPU
		{45BB6EFA-7F41-4353-8C08-813FD5FA2AB6}.Release|Any CPU.Build.0 = Release|Any CPU
		{89C089C4-B0C5-451D-B176-98F68C141366}.Debug|Any CPU.ActiveCfg = Debug|Any CPU
		{89C089C4-B0C5-451D-B176-98F68C141366}.Debug|Any CPU.Build.0 = Debug|Any CPU
		{89C089C4-B0C5-451D-B176-98F68C141366}.Release|Any CPU.ActiveCfg = Release|Any CPU
		{89C089C4-B0C5-451D-B176-98F68C141366}.Release|Any CPU.Build.0 = Release|Any CPU
		{6B714108-4E1A-4B83-9C70-548509740967}.Debug|Any CPU.ActiveCfg = Debug|Any CPU
		{6B714108-4E1A-4B83-9C70-548509740967}.Debug|Any CPU.Build.0 = Debug|Any CPU
		{6B714108-4E1A-4B83-9C70-548509740967}.Release|Any CPU.ActiveCfg = Release|Any CPU
		{6B714108-4E1A-4B83-9C70-548509740967}.Release|Any CPU.Build.0 = Release|Any CPU
		{3EA768CF-95B5-4B55-B353-689D214A942E}.Debug|Any CPU.ActiveCfg = Debug|Any CPU
		{3EA768CF-95B5-4B55-B353-689D214A942E}.Debug|Any CPU.Build.0 = Debug|Any CPU
		{3EA768CF-95B5-4B55-B353-689D214A942E}.Release|Any CPU.ActiveCfg = Release|Any CPU
		{3EA768CF-95B5-4B55-B353-689D214A942E}.Release|Any CPU.Build.0 = Release|Any CPU
		{E64B4BBC-CB30-4B6E-A9FC-E8EC28AF965B}.Debug|Any CPU.ActiveCfg = Debug|Any CPU
		{E64B4BBC-CB30-4B6E-A9FC-E8EC28AF965B}.Debug|Any CPU.Build.0 = Debug|Any CPU
		{E64B4BBC-CB30-4B6E-A9FC-E8EC28AF965B}.Release|Any CPU.ActiveCfg = Release|Any CPU
		{E64B4BBC-CB30-4B6E-A9FC-E8EC28AF965B}.Release|Any CPU.Build.0 = Release|Any CPU
		{CC18E4C6-82B3-47A1-85C8-450B43AD6A59}.Debug|Any CPU.ActiveCfg = Debug|Any CPU
		{CC18E4C6-82B3-47A1-85C8-450B43AD6A59}.Debug|Any CPU.Build.0 = Debug|Any CPU
		{CC18E4C6-82B3-47A1-85C8-450B43AD6A59}.Release|Any CPU.ActiveCfg = Release|Any CPU
		{CC18E4C6-82B3-47A1-85C8-450B43AD6A59}.Release|Any CPU.Build.0 = Release|Any CPU
	EndGlobalSection
	GlobalSection(SolutionProperties) = preSolution
		HideSolutionNode = FALSE
	EndGlobalSection
	GlobalSection(NestedProjects) = preSolution
		{535EDFF2-AA54-439B-B31A-CF4230DC1BD8} = {8F4EA41C-902A-4AB5-B37E-EB06F87D2B20}
		{55547535-CED0-4064-982D-42E05D2C8477} = {8F4EA41C-902A-4AB5-B37E-EB06F87D2B20}
		{9562D6A1-FEFD-400C-ABB0-4B7BA78F95DD} = {8F4EA41C-902A-4AB5-B37E-EB06F87D2B20}
		{B2F863C6-AF96-4641-A716-74183C11EAEA} = {8F4EA41C-902A-4AB5-B37E-EB06F87D2B20}
		{93E1D17F-BC89-461D-B69F-5915267EBB66} = {55547535-CED0-4064-982D-42E05D2C8477}
		{45BB6EFA-7F41-4353-8C08-813FD5FA2AB6} = {55547535-CED0-4064-982D-42E05D2C8477}
		{89C089C4-B0C5-451D-B176-98F68C141366} = {9562D6A1-FEFD-400C-ABB0-4B7BA78F95DD}
		{6B714108-4E1A-4B83-9C70-548509740967} = {9562D6A1-FEFD-400C-ABB0-4B7BA78F95DD}
		{3EA768CF-95B5-4B55-B353-689D214A942E} = {535EDFF2-AA54-439B-B31A-CF4230DC1BD8}
		{E64B4BBC-CB30-4B6E-A9FC-E8EC28AF965B} = {B2F863C6-AF96-4641-A716-74183C11EAEA}
		{CC18E4C6-82B3-47A1-85C8-450B43AD6A59} = {9562D6A1-FEFD-400C-ABB0-4B7BA78F95DD}
	EndGlobalSection
	GlobalSection(ExtensibilityGlobals) = postSolution
		SolutionGuid = {487235F0-B80D-4BDE-B303-DDE2671E8655}
	EndGlobalSection
EndGlobal
